<Solution>
  <Configurations>
    <Platform Name="Any CPU" />
    <Platform Name="x64" />
    <Platform Name="x86" />
  </Configurations>
  <Folder Name="/about/">
    <File Path="README.md" />
    <File Path="license.txt" />
  </Folder>
  <Project Path="SampleTdd20UnitTests/SampleTdd20UnitTests.vcxproj" Id="d8102ef4-9286-4080-9ada-c7043da70817" />
  <Project Path="Tdd20.TestAdapter/Tdd20.TestAdapter.csproj" />
</Solution>
